
Microsoft Visual Studio Solution File, Format Version 12.00
# Visual Studio Version 16
VisualStudioVersion = 16.0.34031.81
MinimumVisualStudioVersion = 10.0.40219.1
Project("{2150E333-8FDC-42A3-9474-1A3956D46DE8}") = "Task4", "Task4", "{43908C28-2AA2-46BA-AB9D-7F8CBAFDF168}"
EndProject
Project("{FAE04EC0-301F-11D3-BF4B-00C04F79EFBC}") = "Tyuiu.IvanovSI.Sprint3.Task5.V7", "Tyuiu.IvanovSI.Sprint3.Task4.V7\Tyuiu.IvanovSI.Sprint3.Task5.V7.csproj", "{79E58C00-8935-467F-9153-836160BD61E4}"
EndProject
Project("{FAE04EC0-301F-11D3-BF4B-00C04F79EFBC}") = "Tyuiu.IvanovSI.Sprint3.Task5.V7.Test", "Tyuiu.IvanovSI.Sprint3.Task4.V7.Test\Tyuiu.IvanovSI.Sprint3.Task5.V7.Test.csproj", "{0208BBFE-81C3-49AC-8EA8-E08C00C919C5}"
EndProject
Project("{FAE04EC0-301F-11D3-BF4B-00C04F79EFBC}") = "Tyuiu.IvanovSI.Sprint3.Task5.V7.Lib", "Tyuiu.IvanovSI.Sprint3.Task4.V7.Lib\Tyuiu.IvanovSI.Sprint3.Task5.V7.Lib.csproj", "{A4605D66-9AC2-4D25-9787-ECEDDD4224A3}"
EndProject
Project("{2150E333-8FDC-42A3-9474-1A3956D46DE8}") = "Task5", "Task5", "{0550D581-1D3F-47FD-934B-A1D852AC100E}"
EndProject
Project("{FAE04EC0-301F-11D3-BF4B-00C04F79EFBC}") = "Tyuiu.IvanovSI.Sprint3.Task6.V18", "Tyuiu.IvanovSI.Sprint3.Task5.V18\Tyuiu.IvanovSI.Sprint3.Task6.V18.csproj", "{F3FF5159-5CC0-4868-AE62-BCD8164037A4}"
EndProject
Project("{FAE04EC0-301F-11D3-BF4B-00C04F79EFBC}") = "Tyuiu.IvanovSI.Sprint3.Task6.V18.Lib", "Tyuiu.IvanovSI.Sprint3.Task5.V18.Lib\Tyuiu.IvanovSI.Sprint3.Task6.V18.Lib.csproj", "{BA33CF15-09CB-4B40-8F64-22CFBE165E99}"
EndProject
Project("{FAE04EC0-301F-11D3-BF4B-00C04F79EFBC}") = "Tyuiu.IvanovSI.Sprint3.Task6.V18.Test", "Tyuiu.IvanovSI.Sprint3.Task5.V18.Test\Tyuiu.IvanovSI.Sprint3.Task6.V18.Test.csproj", "{255208A9-BA46-4EEC-AD4D-F0E20536189B}"
EndProject
Project("{2150E333-8FDC-42A3-9474-1A3956D46DE8}") = "Task6", "Task6", "{0C6FE7AC-28D8-42BF-96BA-F0EB30520098}"
EndProject
Project("{FAE04EC0-301F-11D3-BF4B-00C04F79EFBC}") = "Tyuiu.IvanovSI.Sprint3.Task6.V24", "Tyuiu.IvanovSI.Sprint3.Task6.V24\Tyuiu.IvanovSI.Sprint3.Task6.V24.csproj", "{4BAF2250-A9EF-4BA2-9F4A-0DF43661C1F6}"
EndProject
Project("{FAE04EC0-301F-11D3-BF4B-00C04F79EFBC}") = "Tyuiu.IvanovSI.Sprint3.Task6.V24.Test", "Tyuiu.IvanovSI.Sprint3.Task6.V24.Test\Tyuiu.IvanovSI.Sprint3.Task6.V24.Test.csproj", "{1DCC3CD2-FB9A-4CB6-B9AD-B8A8DFEFD98D}"
EndProject
Project("{FAE04EC0-301F-11D3-BF4B-00C04F79EFBC}") = "Tyuiu.IvanovSI.Sprint3.Task6.V24.Lib", "Tyuiu.IvanovSI.Sprint3.Task6.V24.Lib\Tyuiu.IvanovSI.Sprint3.Task6.V24.Lib.csproj", "{40B148FC-737A-46AC-AD93-45CF7B91D93B}"
EndProject
Project("{2150E333-8FDC-42A3-9474-1A3956D46DE8}") = "Task7", "Task7", "{7FEAEAA6-73DC-4C09-A0DF-8474C1A0F4FF}"
EndProject
Project("{FAE04EC0-301F-11D3-BF4B-00C04F79EFBC}") = "Tyuiu.IvanovSI.Sprint3.Task7.V23", "Tyuiu.IvanovSI.Sprint3.Task7.V23\Tyuiu.IvanovSI.Sprint3.Task7.V23.csproj", "{12393481-31C3-4A94-B53D-919DC37F83F4}"
EndProject
Project("{FAE04EC0-301F-11D3-BF4B-00C04F79EFBC}") = "Tyuiu.IvanovSI.Sprint3.Task7.V23.Lib", "Tyuiu.IvanovSI.Sprint3.Task7.V23.Lib\Tyuiu.IvanovSI.Sprint3.Task7.V23.Lib.csproj", "{5EAC2807-48DA-4C19-9EC0-1EB1CE217D79}"
EndProject
Project("{FAE04EC0-301F-11D3-BF4B-00C04F79EFBC}") = "Tyuiu.IvanovSI.Sprint3.Task7.V23.Test", "Tyuiu.IvanovSI.Sprint3.Task7.V23.Test\Tyuiu.IvanovSI.Sprint3.Task7.V23.Test.csproj", "{99522A00-57DC-45E4-A875-8F5A3FFC2B47}"
EndProject
Project("{2150E333-8FDC-42A3-9474-1A3956D46DE8}") = "Task0", "Task0", "{98F942AB-4D80-45E6-8084-55545C074C9D}"
EndProject
Project("{FAE04EC0-301F-11D3-BF4B-00C04F79EFBC}") = "Tyuiu.IvanovSI.Sprint3.Task0.V13", "Tyuiu.IvanovSI.Sprint3.Task0.V13\Tyuiu.IvanovSI.Sprint3.Task0.V13.csproj", "{00C190B6-E68E-4F00-934C-F2B54DDA0EB7}"
EndProject
Project("{FAE04EC0-301F-11D3-BF4B-00C04F79EFBC}") = "Tyuiu.IvanovSI.Sprint3.Task0.V13.Test", "Tyuiu.IvanovSI.Sprint3.Task0.V13.Test\Tyuiu.IvanovSI.Sprint3.Task0.V13.Test.csproj", "{9EB6815B-9C63-49ED-B308-6506A63F273E}"
EndProject
Project("{FAE04EC0-301F-11D3-BF4B-00C04F79EFBC}") = "Tyuiu.IvanovSI.Sprint3.Task0.V13.Lib", "Tyuiu.IvanovSI.Sprint3.Task0.V13.Lib\Tyuiu.IvanovSI.Sprint3.Task0.V13.Lib.csproj", "{347D3D20-B3DE-4E9F-B26C-C8FE71919E13}"
EndProject
Project("{2150E333-8FDC-42A3-9474-1A3956D46DE8}") = "Task1", "Task1", "{9129CD83-9BD5-4259-8668-146FCACEC8D6}"
EndProject
Project("{FAE04EC0-301F-11D3-BF4B-00C04F79EFBC}") = "Tyuiu.IvanovSI.Sprint3.Task1.V28", "Tyuiu.IvanovSI.Sprint3.Task1.V28\Tyuiu.IvanovSI.Sprint3.Task1.V28.csproj", "{665A46E8-9521-42C9-8F68-06DF0799FC38}"
EndProject
Project("{FAE04EC0-301F-11D3-BF4B-00C04F79EFBC}") = "Tyuiu.IvanovSI.Sprint3.Task1.V28.Lib", "Tyuiu.IvanovSI.Sprint3.Task1.V28.Lib\Tyuiu.IvanovSI.Sprint3.Task1.V28.Lib.csproj", "{44737FAA-BC1B-4DBD-B87E-7A1F83CD0B86}"
EndProject
Project("{FAE04EC0-301F-11D3-BF4B-00C04F79EFBC}") = "Tyuiu.IvanovSI.Sprint3.Task1.V28.Test", "Tyuiu.IvanovSI.Sprint3.Task1.V28.Test\Tyuiu.IvanovSI.Sprint3.Task1.V28.Test.csproj", "{082223CB-EC72-415B-951A-6112A1931A83}"
EndProject
Project("{2150E333-8FDC-42A3-9474-1A3956D46DE8}") = "Task2", "Task2", "{EEB833CB-F88F-4B75-B2D8-29E92AF959C3}"
EndProject
Project("{FAE04EC0-301F-11D3-BF4B-00C04F79EFBC}") = "Tyuiu.IvanovSI.Sprint3.Task2.V13", "Tyuiu.IvanovSI.Sprint3.Task2.V13\Tyuiu.IvanovSI.Sprint3.Task2.V13.csproj", "{FB215C1A-F562-4B02-8E6A-95D2E046C910}"
EndProject
Project("{FAE04EC0-301F-11D3-BF4B-00C04F79EFBC}") = "Tyuiu.IvanovSI.Sprint3.Task2.V13.Test", "Tyuiu.IvanovSI.Sprint3.Task2.V13.Test\Tyuiu.IvanovSI.Sprint3.Task2.V13.Test.csproj", "{F16B1A98-79B2-4D63-8372-27611EF0A046}"
EndProject
Project("{FAE04EC0-301F-11D3-BF4B-00C04F79EFBC}") = "Tyuiu.IvanovSI.Sprint3.Task2.V13.Lib", "Tyuiu.IvanovSI.Sprint3.Task2.V13.Lib\Tyuiu.IvanovSI.Sprint3.Task2.V13.Lib.csproj", "{3EB01ECF-F640-4BB7-B036-54346C2F04BC}"
EndProject
Project("{2150E333-8FDC-42A3-9474-1A3956D46DE8}") = "Task3", "Task3", "{A075C4D7-3227-4BAE-9EF7-319782B8E9AA}"
EndProject
Project("{FAE04EC0-301F-11D3-BF4B-00C04F79EFBC}") = "Tyuiu.IvanovSI.Sprint3.Task3.V26", "Tyuiu.IvanovSI.Sprint3.Task3.V26\Tyuiu.IvanovSI.Sprint3.Task3.V26.csproj", "{4FF84378-9777-462F-9C63-4F33132903D3}"
EndProject
Project("{FAE04EC0-301F-11D3-BF4B-00C04F79EFBC}") = "Tyuiu.IvanovSI.Sprint3.Task3.V26.Lib", "Tyuiu.IvanovSI.Sprint3.Task3.V26.Lib\Tyuiu.IvanovSI.Sprint3.Task3.V26.Lib.csproj", "{DB4B794B-F7F0-4202-9A81-F0FC8DB49372}"
EndProject
Project("{FAE04EC0-301F-11D3-BF4B-00C04F79EFBC}") = "Tyuiu.IvanovSI.Sprint3.Task3.V26.Test", "Tyuiu.IvanovSI.Sprint3.Task3.V26.Test\Tyuiu.IvanovSI.Sprint3.Task3.V26.Test.csproj", "{F5C762C7-013A-49EE-A423-3D547EE38EE6}"
EndProject
Global
	GlobalSection(SolutionConfigurationPlatforms) = preSolution
		Debug|Any CPU = Debug|Any CPU
		Release|Any CPU = Release|Any CPU
	EndGlobalSection
	GlobalSection(ProjectConfigurationPlatforms) = postSolution
		{79E58C00-8935-467F-9153-836160BD61E4}.Debug|Any CPU.ActiveCfg = Debug|Any CPU
		{79E58C00-8935-467F-9153-836160BD61E4}.Debug|Any CPU.Build.0 = Debug|Any CPU
		{79E58C00-8935-467F-9153-836160BD61E4}.Release|Any CPU.ActiveCfg = Release|Any CPU
		{79E58C00-8935-467F-9153-836160BD61E4}.Release|Any CPU.Build.0 = Release|Any CPU
		{0208BBFE-81C3-49AC-8EA8-E08C00C919C5}.Debug|Any CPU.ActiveCfg = Debug|Any CPU
		{0208BBFE-81C3-49AC-8EA8-E08C00C919C5}.Debug|Any CPU.Build.0 = Debug|Any CPU
		{0208BBFE-81C3-49AC-8EA8-E08C00C919C5}.Release|Any CPU.ActiveCfg = Release|Any CPU
		{0208BBFE-81C3-49AC-8EA8-E08C00C919C5}.Release|Any CPU.Build.0 = Release|Any CPU
		{A4605D66-9AC2-4D25-9787-ECEDDD4224A3}.Debug|Any CPU.ActiveCfg = Debug|Any CPU
		{A4605D66-9AC2-4D25-9787-ECEDDD4224A3}.Debug|Any CPU.Build.0 = Debug|Any CPU
		{A4605D66-9AC2-4D25-9787-ECEDDD4224A3}.Release|Any CPU.ActiveCfg = Release|Any CPU
		{A4605D66-9AC2-4D25-9787-ECEDDD4224A3}.Release|Any CPU.Build.0 = Release|Any CPU
		{F3FF5159-5CC0-4868-AE62-BCD8164037A4}.Debug|Any CPU.ActiveCfg = Debug|Any CPU
		{F3FF5159-5CC0-4868-AE62-BCD8164037A4}.Debug|Any CPU.Build.0 = Debug|Any CPU
		{F3FF5159-5CC0-4868-AE62-BCD8164037A4}.Release|Any CPU.ActiveCfg = Release|Any CPU
		{F3FF5159-5CC0-4868-AE62-BCD8164037A4}.Release|Any CPU.Build.0 = Release|Any CPU
		{BA33CF15-09CB-4B40-8F64-22CFBE165E99}.Debug|Any CPU.ActiveCfg = Debug|Any CPU
		{BA33CF15-09CB-4B40-8F64-22CFBE165E99}.Debug|Any CPU.Build.0 = Debug|Any CPU
		{BA33CF15-09CB-4B40-8F64-22CFBE165E99}.Release|Any CPU.ActiveCfg = Release|Any CPU
		{BA33CF15-09CB-4B40-8F64-22CFBE165E99}.Release|Any CPU.Build.0 = Release|Any CPU
		{255208A9-BA46-4EEC-AD4D-F0E20536189B}.Debug|Any CPU.ActiveCfg = Debug|Any CPU
		{255208A9-BA46-4EEC-AD4D-F0E20536189B}.Debug|Any CPU.Build.0 = Debug|Any CPU
		{255208A9-BA46-4EEC-AD4D-F0E20536189B}.Release|Any CPU.ActiveCfg = Release|Any CPU
		{255208A9-BA46-4EEC-AD4D-F0E20536189B}.Release|Any CPU.Build.0 = Release|Any CPU
		{4BAF2250-A9EF-4BA2-9F4A-0DF43661C1F6}.Debug|Any CPU.ActiveCfg = Debug|Any CPU
		{4BAF2250-A9EF-4BA2-9F4A-0DF43661C1F6}.Debug|Any CPU.Build.0 = Debug|Any CPU
		{4BAF2250-A9EF-4BA2-9F4A-0DF43661C1F6}.Release|Any CPU.ActiveCfg = Release|Any CPU
		{4BAF2250-A9EF-4BA2-9F4A-0DF43661C1F6}.Release|Any CPU.Build.0 = Release|Any CPU
		{1DCC3CD2-FB9A-4CB6-B9AD-B8A8DFEFD98D}.Debug|Any CPU.ActiveCfg = Debug|Any CPU
		{1DCC3CD2-FB9A-4CB6-B9AD-B8A8DFEFD98D}.Debug|Any CPU.Build.0 = Debug|Any CPU
		{1DCC3CD2-FB9A-4CB6-B9AD-B8A8DFEFD98D}.Release|Any CPU.ActiveCfg = Release|Any CPU
		{1DCC3CD2-FB9A-4CB6-B9AD-B8A8DFEFD98D}.Release|Any CPU.Build.0 = Release|Any CPU
		{40B148FC-737A-46AC-AD93-45CF7B91D93B}.Debug|Any CPU.ActiveCfg = Debug|Any CPU
		{40B148FC-737A-46AC-AD93-45CF7B91D93B}.Debug|Any CPU.Build.0 = Debug|Any CPU
		{40B148FC-737A-46AC-AD93-45CF7B91D93B}.Release|Any CPU.ActiveCfg = Release|Any CPU
		{40B148FC-737A-46AC-AD93-45CF7B91D93B}.Release|Any CPU.Build.0 = Release|Any CPU
		{12393481-31C3-4A94-B53D-919DC37F83F4}.Debug|Any CPU.ActiveCfg = Debug|Any CPU
		{12393481-31C3-4A94-B53D-919DC37F83F4}.Debug|Any CPU.Build.0 = Debug|Any CPU
		{12393481-31C3-4A94-B53D-919DC37F83F4}.Release|Any CPU.ActiveCfg = Release|Any CPU
		{12393481-31C3-4A94-B53D-919DC37F83F4}.Release|Any CPU.Build.0 = Release|Any CPU
		{5EAC2807-48DA-4C19-9EC0-1EB1CE217D79}.Debug|Any CPU.ActiveCfg = Debug|Any CPU
		{5EAC2807-48DA-4C19-9EC0-1EB1CE217D79}.Debug|Any CPU.Build.0 = Debug|Any CPU
		{5EAC2807-48DA-4C19-9EC0-1EB1CE217D79}.Release|Any CPU.ActiveCfg = Release|Any CPU
		{5EAC2807-48DA-4C19-9EC0-1EB1CE217D79}.Release|Any CPU.Build.0 = Release|Any CPU
		{99522A00-57DC-45E4-A875-8F5A3FFC2B47}.Debug|Any CPU.ActiveCfg = Debug|Any CPU
		{99522A00-57DC-45E4-A875-8F5A3FFC2B47}.Debug|Any CPU.Build.0 = Debug|Any CPU
		{99522A00-57DC-45E4-A875-8F5A3FFC2B47}.Release|Any CPU.ActiveCfg = Release|Any CPU
		{99522A00-57DC-45E4-A875-8F5A3FFC2B47}.Release|Any CPU.Build.0 = Release|Any CPU
		{00C190B6-E68E-4F00-934C-F2B54DDA0EB7}.Debug|Any CPU.ActiveCfg = Debug|Any CPU
		{00C190B6-E68E-4F00-934C-F2B54DDA0EB7}.Debug|Any CPU.Build.0 = Debug|Any CPU
		{00C190B6-E68E-4F00-934C-F2B54DDA0EB7}.Release|Any CPU.ActiveCfg = Release|Any CPU
		{00C190B6-E68E-4F00-934C-F2B54DDA0EB7}.Release|Any CPU.Build.0 = Release|Any CPU
		{9EB6815B-9C63-49ED-B308-6506A63F273E}.Debug|Any CPU.ActiveCfg = Debug|Any CPU
		{9EB6815B-9C63-49ED-B308-6506A63F273E}.Debug|Any CPU.Build.0 = Debug|Any CPU
		{9EB6815B-9C63-49ED-B308-6506A63F273E}.Release|Any CPU.ActiveCfg = Release|Any CPU
		{9EB6815B-9C63-49ED-B308-6506A63F273E}.Release|Any CPU.Build.0 = Release|Any CPU
		{347D3D20-B3DE-4E9F-B26C-C8FE71919E13}.Debug|Any CPU.ActiveCfg = Debug|Any CPU
		{347D3D20-B3DE-4E9F-B26C-C8FE71919E13}.Debug|Any CPU.Build.0 = Debug|Any CPU
		{347D3D20-B3DE-4E9F-B26C-C8FE71919E13}.Release|Any CPU.ActiveCfg = Release|Any CPU
		{347D3D20-B3DE-4E9F-B26C-C8FE71919E13}.Release|Any CPU.Build.0 = Release|Any CPU
		{665A46E8-9521-42C9-8F68-06DF0799FC38}.Debug|Any CPU.ActiveCfg = Debug|Any CPU
		{665A46E8-9521-42C9-8F68-06DF0799FC38}.Debug|Any CPU.Build.0 = Debug|Any CPU
		{665A46E8-9521-42C9-8F68-06DF0799FC38}.Release|Any CPU.ActiveCfg = Release|Any CPU
		{665A46E8-9521-42C9-8F68-06DF0799FC38}.Release|Any CPU.Build.0 = Release|Any CPU
		{44737FAA-BC1B-4DBD-B87E-7A1F83CD0B86}.Debug|Any CPU.ActiveCfg = Debug|Any CPU
		{44737FAA-BC1B-4DBD-B87E-7A1F83CD0B86}.Debug|Any CPU.Build.0 = Debug|Any CPU
		{44737FAA-BC1B-4DBD-B87E-7A1F83CD0B86}.Release|Any CPU.ActiveCfg = Release|Any CPU
		{44737FAA-BC1B-4DBD-B87E-7A1F83CD0B86}.Release|Any CPU.Build.0 = Release|Any CPU
		{082223CB-EC72-415B-951A-6112A1931A83}.Debug|Any CPU.ActiveCfg = Debug|Any CPU
		{082223CB-EC72-415B-951A-6112A1931A83}.Debug|Any CPU.Build.0 = Debug|Any CPU
		{082223CB-EC72-415B-951A-6112A1931A83}.Release|Any CPU.ActiveCfg = Release|Any CPU
		{082223CB-EC72-415B-951A-6112A1931A83}.Release|Any CPU.Build.0 = Release|Any CPU
		{FB215C1A-F562-4B02-8E6A-95D2E046C910}.Debug|Any CPU.ActiveCfg = Debug|Any CPU
		{FB215C1A-F562-4B02-8E6A-95D2E046C910}.Debug|Any CPU.Build.0 = Debug|Any CPU
		{FB215C1A-F562-4B02-8E6A-95D2E046C910}.Release|Any CPU.ActiveCfg = Release|Any CPU
		{FB215C1A-F562-4B02-8E6A-95D2E046C910}.Release|Any CPU.Build.0 = Release|Any CPU
		{F16B1A98-79B2-4D63-8372-27611EF0A046}.Debug|Any CPU.ActiveCfg = Debug|Any CPU
		{F16B1A98-79B2-4D63-8372-27611EF0A046}.Debug|Any CPU.Build.0 = Debug|Any CPU
		{F16B1A98-79B2-4D63-8372-27611EF0A046}.Release|Any CPU.ActiveCfg = Release|Any CPU
		{F16B1A98-79B2-4D63-8372-27611EF0A046}.Release|Any CPU.Build.0 = Release|Any CPU
		{3EB01ECF-F640-4BB7-B036-54346C2F04BC}.Debug|Any CPU.ActiveCfg = Debug|Any CPU
		{3EB01ECF-F640-4BB7-B036-54346C2F04BC}.Debug|Any CPU.Build.0 = Debug|Any CPU
		{3EB01ECF-F640-4BB7-B036-54346C2F04BC}.Release|Any CPU.ActiveCfg = Release|Any CPU
		{3EB01ECF-F640-4BB7-B036-54346C2F04BC}.Release|Any CPU.Build.0 = Release|Any CPU
		{4FF84378-9777-462F-9C63-4F33132903D3}.Debug|Any CPU.ActiveCfg = Debug|Any CPU
		{4FF84378-9777-462F-9C63-4F33132903D3}.Debug|Any CPU.Build.0 = Debug|Any CPU
		{4FF84378-9777-462F-9C63-4F33132903D3}.Release|Any CPU.ActiveCfg = Release|Any CPU
		{4FF84378-9777-462F-9C63-4F33132903D3}.Release|Any CPU.Build.0 = Release|Any CPU
		{DB4B794B-F7F0-4202-9A81-F0FC8DB49372}.Debug|Any CPU.ActiveCfg = Debug|Any CPU
		{DB4B794B-F7F0-4202-9A81-F0FC8DB49372}.Debug|Any CPU.Build.0 = Debug|Any CPU
		{DB4B794B-F7F0-4202-9A81-F0FC8DB49372}.Release|Any CPU.ActiveCfg = Release|Any CPU
		{DB4B794B-F7F0-4202-9A81-F0FC8DB49372}.Release|Any CPU.Build.0 = Release|Any CPU
		{F5C762C7-013A-49EE-A423-3D547EE38EE6}.Debug|Any CPU.ActiveCfg = Debug|Any CPU
		{F5C762C7-013A-49EE-A423-3D547EE38EE6}.Debug|Any CPU.Build.0 = Debug|Any CPU
		{F5C762C7-013A-49EE-A423-3D547EE38EE6}.Release|Any CPU.ActiveCfg = Release|Any CPU
		{F5C762C7-013A-49EE-A423-3D547EE38EE6}.Release|Any CPU.Build.0 = Release|Any CPU
	EndGlobalSection
	GlobalSection(SolutionProperties) = preSolution
		HideSolutionNode = FALSE
	EndGlobalSection
	GlobalSection(NestedProjects) = preSolution
		{79E58C00-8935-467F-9153-836160BD61E4} = {43908C28-2AA2-46BA-AB9D-7F8CBAFDF168}
		{0208BBFE-81C3-49AC-8EA8-E08C00C919C5} = {43908C28-2AA2-46BA-AB9D-7F8CBAFDF168}
		{A4605D66-9AC2-4D25-9787-ECEDDD4224A3} = {43908C28-2AA2-46BA-AB9D-7F8CBAFDF168}
		{F3FF5159-5CC0-4868-AE62-BCD8164037A4} = {0550D581-1D3F-47FD-934B-A1D852AC100E}
		{BA33CF15-09CB-4B40-8F64-22CFBE165E99} = {0550D581-1D3F-47FD-934B-A1D852AC100E}
		{255208A9-BA46-4EEC-AD4D-F0E20536189B} = {0550D581-1D3F-47FD-934B-A1D852AC100E}
		{4BAF2250-A9EF-4BA2-9F4A-0DF43661C1F6} = {0C6FE7AC-28D8-42BF-96BA-F0EB30520098}
		{1DCC3CD2-FB9A-4CB6-B9AD-B8A8DFEFD98D} = {0C6FE7AC-28D8-42BF-96BA-F0EB30520098}
		{40B148FC-737A-46AC-AD93-45CF7B91D93B} = {0C6FE7AC-28D8-42BF-96BA-F0EB30520098}
		{12393481-31C3-4A94-B53D-919DC37F83F4} = {7FEAEAA6-73DC-4C09-A0DF-8474C1A0F4FF}
		{5EAC2807-48DA-4C19-9EC0-1EB1CE217D79} = {7FEAEAA6-73DC-4C09-A0DF-8474C1A0F4FF}
		{99522A00-57DC-45E4-A875-8F5A3FFC2B47} = {7FEAEAA6-73DC-4C09-A0DF-8474C1A0F4FF}
		{00C190B6-E68E-4F00-934C-F2B54DDA0EB7} = {98F942AB-4D80-45E6-8084-55545C074C9D}
		{9EB6815B-9C63-49ED-B308-6506A63F273E} = {98F942AB-4D80-45E6-8084-55545C074C9D}
		{347D3D20-B3DE-4E9F-B26C-C8FE71919E13} = {98F942AB-4D80-45E6-8084-55545C074C9D}
		{665A46E8-9521-42C9-8F68-06DF0799FC38} = {9129CD83-9BD5-4259-8668-146FCACEC8D6}
		{44737FAA-BC1B-4DBD-B87E-7A1F83CD0B86} = {9129CD83-9BD5-4259-8668-146FCACEC8D6}
		{082223CB-EC72-415B-951A-6112A1931A83} = {9129CD83-9BD5-4259-8668-146FCACEC8D6}
		{FB215C1A-F562-4B02-8E6A-95D2E046C910} = {EEB833CB-F88F-4B75-B2D8-29E92AF959C3}
		{F16B1A98-79B2-4D63-8372-27611EF0A046} = {EEB833CB-F88F-4B75-B2D8-29E92AF959C3}
		{3EB01ECF-F640-4BB7-B036-54346C2F04BC} = {EEB833CB-F88F-4B75-B2D8-29E92AF959C3}
		{4FF84378-9777-462F-9C63-4F33132903D3} = {A075C4D7-3227-4BAE-9EF7-319782B8E9AA}
		{DB4B794B-F7F0-4202-9A81-F0FC8DB49372} = {A075C4D7-3227-4BAE-9EF7-319782B8E9AA}
		{F5C762C7-013A-49EE-A423-3D547EE38EE6} = {A075C4D7-3227-4BAE-9EF7-319782B8E9AA}
	EndGlobalSection
	GlobalSection(ExtensibilityGlobals) = postSolution
		SolutionGuid = {63CC1E28-68D2-4D86-ABFA-81CA59358547}
	EndGlobalSection
EndGlobal
